<?xml version="1.0" encoding="utf-8"?>
<Project ToolsVersion="4.0" xmlns="http://schemas.microsoft.com/developer/msbuild/2003">
  <ItemGroup>
    <Filter Include="源文件">
      <UniqueIdentifier>{4FC737F1-C7A5-4376-A066-2A32D752A2FF}</UniqueIdentifier>
      <Extensions>cpp;c;cc;cxx;def;odl;idl;hpj;bat;asm;asmx</Extensions>
    </Filter>
    <Filter Include="头文件">
      <UniqueIdentifier>{93995380-89BD-4b04-88EB-625FBE52EBFB}</UniqueIdentifier>
      <Extensions>h;hh;hpp;hxx;hm;inl;inc;xsd</Extensions>
    </Filter>
    <Filter Include="资源文件">
      <UniqueIdentifier>{67DA6AB6-F800-4c08-8B7A-83BB121AAD01}</UniqueIdentifier>
      <Extensions>rc;ico;cur;bmp;dlg;rc2;rct;bin;rgs;gif;jpg;jpeg;jpe;resx;tiff;tif;png;wav;mfcribbon-ms</Extensions>
    </Filter>
    <Filter Include="tests">
      <UniqueIdentifier>{f2663018-655c-4ba2-8af6-91c48e20a49b}</UniqueIdentifier>
    </Filter>
    <Filter Include="utils">
      <UniqueIdentifier>{2a8e0e8a-6ec0-4b61-9c1d-05dbb51613af}</UniqueIdentifier>
    </Filter>
    <Filter Include="utils\deps">
      <UniqueIdentifier>{3fb94adc-5c8c-4698-8360-85c11015ae03}</UniqueIdentifier>
    </Filter>
    <Filter Include="gtest">
      <UniqueIdentifier>{ad444fd9-d562-42c3-b6a5-cff34f657bd4}</UniqueIdentifier>
    </Filter>
  </ItemGroup>
  <ItemGroup>
    <Text Include="ReadMe.txt" />
  </ItemGroup>
  <ItemGroup>
    <ClInclude Include="stdafx.h">
      <Filter>头文件</Filter>
    </ClInclude>
    <ClInclude Include="targetver.h">
      <Filter>头文件</Filter>
    </ClInclude>
    <ClInclude Include="..\..\..\cutil.h">
      <Filter>utils</Filter>
    </ClInclude>
    <ClInclude Include="..\..\..\deps\compiler.h">
      <Filter>utils\deps</Filter>
    </ClInclude>
    <ClInclude Include="..\..\..\deps\ConvertUTF-inl.h">
      <Filter>utils\deps</Filter>
    </ClInclude>
    <ClInclude Include="..\..\..\deps\platform.h">
      <Filter>utils\deps</Filter>
    </ClInclude>
  </ItemGroup>
  <ItemGroup>
    <ClCompile Include="stdafx.cpp">
      <Filter>源文件</Filter>
    </ClCompile>
    <ClCompile Include="..\..\..\cutil.c">
      <Filter>utils</Filter>
    </ClCompile>
    <ClCompile Include="..\..\datatype.cc">
      <Filter>tests</Filter>
    </ClCompile>
    <ClCompile Include="..\..\string.cc">
      <Filter>tests</Filter>
    </ClCompile>
    <ClCompile Include="..\..\charset.cc">
      <Filter>tests</Filter>
    </ClCompile>
    <ClCompile Include="..\..\gtest\src\gtest-all.cc">
      <Filter>gtest</Filter>
    </ClCompile>
    <ClCompile Include="unittest.cpp">
      <Filter>源文件</Filter>
    </ClCompile>
  </ItemGroup>
</Project>